
Microsoft Visual Studio Solution File, Format Version 12.00
# Visual Studio 15
Project("{FAE04EC0-301F-11D3-BF4B-00C04F79EFBC}") = "Assembly-CSharp", "Assembly-CSharp.csproj", "{B092A17E-F3FA-009B-CC7E-D65962EBCCC1}"
EndProject
Project("{FAE04EC0-301F-11D3-BF4B-00C04F79EFBC}") = "Assembly-CSharp-Editor", "Assembly-CSharp-Editor.csproj", "{C08DB57C-4057-8D8E-C082-6E145551953D}"
EndProject
Global
	GlobalSection(SolutionConfigurationPlatforms) = preSolution
		Debug|Any CPU = Debug|Any CPU
		Release|Any CPU = Release|Any CPU
	EndGlobalSection
	GlobalSection(ProjectConfigurationPlatforms) = postSolution
		{B092A17E-F3FA-009B-CC7E-D65962EBCCC1}.Debug|Any CPU.ActiveCfg = Debug|Any CPU
		{B092A17E-F3FA-009B-CC7E-D65962EBCCC1}.Debug|Any CPU.Build.0 = Debug|Any CPU
		{B092A17E-F3FA-009B-CC7E-D65962EBCCC1}.Release|Any CPU.ActiveCfg = Release|Any CPU
		{B092A17E-F3FA-009B-CC7E-D65962EBCCC1}.Release|Any CPU.Build.0 = Release|Any CPU
		{C08DB57C-4057-8D8E-C082-6E145551953D}.Debug|Any CPU.ActiveCfg = Debug|Any CPU
		{C08DB57C-4057-8D8E-C082-6E145551953D}.Debug|Any CPU.Build.0 = Debug|Any CPU
		{C08DB57C-4057-8D8E-C082-6E145551953D}.Release|Any CPU.ActiveCfg = Release|Any CPU
		{C08DB57C-4057-8D8E-C082-6E145551953D}.Release|Any CPU.Build.0 = Release|Any CPU
	EndGlobalSection
	GlobalSection(SolutionProperties) = preSolution
		HideSolutionNode = FALSE
	EndGlobalSection
EndGlobal
